
Microsoft Visual Studio Solution File, Format Version 12.00
# Visual Studio 15
VisualStudioVersion = 15.0.27428.2011
MinimumVisualStudioVersion = 10.0.40219.1
Project("{FAE04EC0-301F-11D3-BF4B-00C04F79EFBC}") = "CmsClient", "CmsClient\CmsClient.csproj", "{FF282F31-26FA-4950-A9B4-DD0DF2F3FDA1}"
EndProject
Global
	GlobalSection(SolutionConfigurationPlatforms) = preSolution
		Debug|Any CPU = Debug|Any CPU
		Release|Any CPU = Release|Any CPU
	EndGlobalSection
	GlobalSection(ProjectConfigurationPlatforms) = postSolution
		{FF282F31-26FA-4950-A9B4-DD0DF2F3FDA1}.Debug|Any CPU.ActiveCfg = Debug|Any CPU
		{FF282F31-26FA-4950-A9B4-DD0DF2F3FDA1}.Debug|Any CPU.Build.0 = Debug|Any CPU
		{FF282F31-26FA-4950-A9B4-DD0DF2F3FDA1}.Release|Any CPU.ActiveCfg = Release|Any CPU
		{FF282F31-26FA-4950-A9B4-DD0DF2F3FDA1}.Release|Any CPU.Build.0 = Release|Any CPU
	EndGlobalSection
	GlobalSection(SolutionProperties) = preSolution
		HideSolutionNode = FALSE
	EndGlobalSection
	GlobalSection(ExtensibilityGlobals) = postSolution
		SolutionGuid = {1D2CEA08-AD09-4433-B5A1-C338A9322F9A}
	EndGlobalSection
EndGlobal
